// !$*UTF8*$!
{
	archiveVersion = 1;
	classes = {
	};
	objectVersion = 46;
	objects = {

/* Begin PBXBuildFile section */
		5A7B35EB1C5ABC2500E7E601 /* Feed.swift in Sources */ = {isa = PBXBuildFile; fileRef = 5A7B35EA1C5ABC2500E7E601 /* Feed.swift */; };
		5A7B35ED1C5ABEC600E7E601 /* Article.swift in Sources */ = {isa = PBXBuildFile; fileRef = 5A7B35EC1C5ABEC600E7E601 /* Article.swift */; };
		5A7FF7421C5972CA00D7E2A2 /* NewsItem.swift in Sources */ = {isa = PBXBuildFile; fileRef = 5A7FF7411C5972CA00D7E2A2 /* NewsItem.swift */; };
		5A9F95C81C5E7D4F00344129 /* ArticlesViewController.swift in Sources */ = {isa = PBXBuildFile; fileRef = 5A9F95C71C5E7D4F00344129 /* ArticlesViewController.swift */; };
		5A9F95CA1C5E7D7C00344129 /* LinkViewController.swift in Sources */ = {isa = PBXBuildFile; fileRef = 5A9F95C91C5E7D7C00344129 /* LinkViewController.swift */; };
		5A9F95CC1C5E7D9100344129 /* AddSourceViewController.swift in Sources */ = {isa = PBXBuildFile; fileRef = 5A9F95CB1C5E7D9100344129 /* AddSourceViewController.swift */; };
		5AF66C5D1C54004A00659CE9 /* AppDelegate.swift in Sources */ = {isa = PBXBuildFile; fileRef = 5AF66C5C1C54004A00659CE9 /* AppDelegate.swift */; };
		5AF66C5F1C54004A00659CE9 /* FeedsViewController.swift in Sources */ = {isa = PBXBuildFile; fileRef = 5AF66C5E1C54004A00659CE9 /* FeedsViewController.swift */; };
		5AF66C621C54004A00659CE9 /* Main.storyboard in Resources */ = {isa = PBXBuildFile; fileRef = 5AF66C601C54004A00659CE9 /* Main.storyboard */; };
		5AF66C651C54004A00659CE9 /* Newscaster.xcdatamodeld in Sources */ = {isa = PBXBuildFile; fileRef = 5AF66C631C54004A00659CE9 /* Newscaster.xcdatamodeld */; };
		5AF66C671C54004A00659CE9 /* Assets.xcassets in Resources */ = {isa = PBXBuildFile; fileRef = 5AF66C661C54004A00659CE9 /* Assets.xcassets */; };
		5AF66C6A1C54004A00659CE9 /* LaunchScreen.storyboard in Resources */ = {isa = PBXBuildFile; fileRef = 5AF66C681C54004A00659CE9 /* LaunchScreen.storyboard */; };
		5AF66C751C54004A00659CE9 /* NewscasterTests.swift in Sources */ = {isa = PBXBuildFile; fileRef = 5AF66C741C54004A00659CE9 /* NewscasterTests.swift */; };
		5AF66C801C54004A00659CE9 /* NewscasterUITests.swift in Sources */ = {isa = PBXBuildFile; fileRef = 5AF66C7F1C54004A00659CE9 /* NewscasterUITests.swift */; };
		5AF66C921C5402C500659CE9 /* RSSClient.swift in Sources */ = {isa = PBXBuildFile; fileRef = 5AF66C911C5402C500659CE9 /* RSSClient.swift */; };
/* End PBXBuildFile section */

/* Begin PBXContainerItemProxy section */
		5AF66C711C54004A00659CE9 /* PBXContainerItemProxy */ = {
			isa = PBXContainerItemProxy;
			containerPortal = 5AF66C511C54004900659CE9 /* Project object */;
			proxyType = 1;
			remoteGlobalIDString = 5AF66C581C54004A00659CE9;
			remoteInfo = Newscaster;
		};
		5AF66C7C1C54004A00659CE9 /* PBXContainerItemProxy */ = {
			isa = PBXContainerItemProxy;
			containerPortal = 5AF66C511C54004900659CE9 /* Project object */;
			proxyType = 1;
			remoteGlobalIDString = 5AF66C581C54004A00659CE9;
			remoteInfo = Newscaster;
		};
/* End PBXContainerItemProxy section */

/* Begin PBXFileReference section */
		5A7B35EA1C5ABC2500E7E601 /* Feed.swift */ = {isa = PBXFileReference; fileEncoding = 4; lastKnownFileType = sourcecode.swift; path = Feed.swift; sourceTree = "<group>"; };
		5A7B35EC1C5ABEC600E7E601 /* Article.swift */ = {isa = PBXFileReference; fileEncoding = 4; lastKnownFileType = sourcecode.swift; path = Article.swift; sourceTree = "<group>"; };
		5A7FF7411C5972CA00D7E2A2 /* NewsItem.swift */ = {isa = PBXFileReference; fileEncoding = 4; lastKnownFileType = sourcecode.swift; path = NewsItem.swift; sourceTree = "<group>"; };
		5A9F95C71C5E7D4F00344129 /* ArticlesViewController.swift */ = {isa = PBXFileReference; fileEncoding = 4; lastKnownFileType = sourcecode.swift; path = ArticlesViewController.swift; sourceTree = "<group>"; };
		5A9F95C91C5E7D7C00344129 /* LinkViewController.swift */ = {isa = PBXFileReference; fileEncoding = 4; lastKnownFileType = sourcecode.swift; path = LinkViewController.swift; sourceTree = "<group>"; };
		5A9F95CB1C5E7D9100344129 /* AddSourceViewController.swift */ = {isa = PBXFileReference; fileEncoding = 4; lastKnownFileType = sourcecode.swift; path = AddSourceViewController.swift; sourceTree = "<group>"; };
		5AF66C591C54004A00659CE9 /* Newscaster.app */ = {isa = PBXFileReference; explicitFileType = wrapper.application; includeInIndex = 0; path = Newscaster.app; sourceTree = BUILT_PRODUCTS_DIR; };
		5AF66C5C1C54004A00659CE9 /* AppDelegate.swift */ = {isa = PBXFileReference; lastKnownFileType = sourcecode.swift; path = AppDelegate.swift; sourceTree = "<group>"; };
		5AF66C5E1C54004A00659CE9 /* FeedsViewController.swift */ = {isa = PBXFileReference; lastKnownFileType = sourcecode.swift; path = FeedsViewController.swift; sourceTree = "<group>"; };
		5AF66C611C54004A00659CE9 /* Base */ = {isa = PBXFileReference; lastKnownFileType = file.storyboard; name = Base; path = Base.lproj/Main.storyboard; sourceTree = "<group>"; };
		5AF66C641C54004A00659CE9 /* Newscaster.xcdatamodel */ = {isa = PBXFileReference; lastKnownFileType = wrapper.xcdatamodel; path = Newscaster.xcdatamodel; sourceTree = "<group>"; };
		5AF66C661C54004A00659CE9 /* Assets.xcassets */ = {isa = PBXFileReference; lastKnownFileType = folder.assetcatalog; path = Assets.xcassets; sourceTree = "<group>"; };
		5AF66C691C54004A00659CE9 /* Base */ = {isa = PBXFileReference; lastKnownFileType = file.storyboard; name = Base; path = Base.lproj/LaunchScreen.storyboard; sourceTree = "<group>"; };
		5AF66C6B1C54004A00659CE9 /* Info.plist */ = {isa = PBXFileReference; lastKnownFileType = text.plist.xml; path = Info.plist; sourceTree = "<group>"; };
		5AF66C701C54004A00659CE9 /* NewscasterTests.xctest */ = {isa = PBXFileReference; explicitFileType = wrapper.cfbundle; includeInIndex = 0; path = NewscasterTests.xctest; sourceTree = BUILT_PRODUCTS_DIR; };
		5AF66C741C54004A00659CE9 /* NewscasterTests.swift */ = {isa = PBXFileReference; lastKnownFileType = sourcecode.swift; path = NewscasterTests.swift; sourceTree = "<group>"; };
		5AF66C761C54004A00659CE9 /* Info.plist */ = {isa = PBXFileReference; lastKnownFileType = text.plist.xml; path = Info.plist; sourceTree = "<group>"; };
		5AF66C7B1C54004A00659CE9 /* NewscasterUITests.xctest */ = {isa = PBXFileReference; explicitFileType = wrapper.cfbundle; includeInIndex = 0; path = NewscasterUITests.xctest; sourceTree = BUILT_PRODUCTS_DIR; };
		5AF66C7F1C54004A00659CE9 /* NewscasterUITests.swift */ = {isa = PBXFileReference; lastKnownFileType = sourcecode.swift; path = NewscasterUITests.swift; sourceTree = "<group>"; };
		5AF66C811C54004A00659CE9 /* Info.plist */ = {isa = PBXFileReference; lastKnownFileType = text.plist.xml; path = Info.plist; sourceTree = "<group>"; };
		5AF66C911C5402C500659CE9 /* RSSClient.swift */ = {isa = PBXFileReference; fileEncoding = 4; lastKnownFileType = sourcecode.swift; path = RSSClient.swift; sourceTree = "<group>"; };
/* End PBXFileReference section */

/* Begin PBXFrameworksBuildPhase section */
		5AF66C561C54004A00659CE9 /* Frameworks */ = {
			isa = PBXFrameworksBuildPhase;
			buildActionMask = 2147483647;
			files = (
			);
			runOnlyForDeploymentPostprocessing = 0;
		};
		5AF66C6D1C54004A00659CE9 /* Frameworks */ = {
			isa = PBXFrameworksBuildPhase;
			buildActionMask = 2147483647;
			files = (
			);
			runOnlyForDeploymentPostprocessing = 0;
		};
		5AF66C781C54004A00659CE9 /* Frameworks */ = {
			isa = PBXFrameworksBuildPhase;
			buildActionMask = 2147483647;
			files = (
			);
			runOnlyForDeploymentPostprocessing = 0;
		};
/* End PBXFrameworksBuildPhase section */

/* Begin PBXGroup section */
		5A7B35E91C5ABBFD00E7E601 /* Entities */ = {
			isa = PBXGroup;
			children = (
				5A7B35EA1C5ABC2500E7E601 /* Feed.swift */,
				5A7B35EC1C5ABEC600E7E601 /* Article.swift */,
			);
			name = Entities;
			sourceTree = "<group>";
		};
		5AF66C501C54004900659CE9 = {
			isa = PBXGroup;
			children = (
				5AF66C5B1C54004A00659CE9 /* Newscaster */,
				5AF66C731C54004A00659CE9 /* NewscasterTests */,
				5AF66C7E1C54004A00659CE9 /* NewscasterUITests */,
				5AF66C5A1C54004A00659CE9 /* Products */,
			);
			sourceTree = "<group>";
		};
		5AF66C5A1C54004A00659CE9 /* Products */ = {
			isa = PBXGroup;
			children = (
				5AF66C591C54004A00659CE9 /* Newscaster.app */,
				5AF66C701C54004A00659CE9 /* NewscasterTests.xctest */,
				5AF66C7B1C54004A00659CE9 /* NewscasterUITests.xctest */,
			);
			name = Products;
			sourceTree = "<group>";
		};
		5AF66C5B1C54004A00659CE9 /* Newscaster */ = {
			isa = PBXGroup;
			children = (
				5AF66C8D1C5400A700659CE9 /* Model */,
				5AF66C8E1C5400B100659CE9 /* View */,
				5AF66C8F1C5400C300659CE9 /* Controller */,
				5AF66C5C1C54004A00659CE9 /* AppDelegate.swift */,
				5AF66C601C54004A00659CE9 /* Main.storyboard */,
				5AF66C661C54004A00659CE9 /* Assets.xcassets */,
				5AF66C681C54004A00659CE9 /* LaunchScreen.storyboard */,
				5AF66C6B1C54004A00659CE9 /* Info.plist */,
				5AF66C631C54004A00659CE9 /* Newscaster.xcdatamodeld */,
			);
			path = Newscaster;
			sourceTree = "<group>";
		};
		5AF66C731C54004A00659CE9 /* NewscasterTests */ = {
			isa = PBXGroup;
			children = (
				5AF66C741C54004A00659CE9 /* NewscasterTests.swift */,
				5AF66C761C54004A00659CE9 /* Info.plist */,
			);
			path = NewscasterTests;
			sourceTree = "<group>";
		};
		5AF66C7E1C54004A00659CE9 /* NewscasterUITests */ = {
			isa = PBXGroup;
			children = (
				5AF66C7F1C54004A00659CE9 /* NewscasterUITests.swift */,
				5AF66C811C54004A00659CE9 /* Info.plist */,
			);
			path = NewscasterUITests;
			sourceTree = "<group>";
		};
		5AF66C8D1C5400A700659CE9 /* Model */ = {
			isa = PBXGroup;
			children = (
				5A7B35E91C5ABBFD00E7E601 /* Entities */,
				5AF66C901C5402A600659CE9 /* Clients */,
			);
			name = Model;
			sourceTree = "<group>";
		};
		5AF66C8E1C5400B100659CE9 /* View */ = {
			isa = PBXGroup;
			children = (
			);
			name = View;
			sourceTree = "<group>";
		};
		5AF66C8F1C5400C300659CE9 /* Controller */ = {
			isa = PBXGroup;
			children = (
				5AF66C5E1C54004A00659CE9 /* FeedsViewController.swift */,
				5A9F95C71C5E7D4F00344129 /* ArticlesViewController.swift */,
				5A9F95C91C5E7D7C00344129 /* LinkViewController.swift */,
				5A9F95CB1C5E7D9100344129 /* AddSourceViewController.swift */,
			);
			name = Controller;
			sourceTree = "<group>";
		};
		5AF66C901C5402A600659CE9 /* Clients */ = {
			isa = PBXGroup;
			children = (
				5AF66C911C5402C500659CE9 /* RSSClient.swift */,
				5A7FF7411C5972CA00D7E2A2 /* NewsItem.swift */,
			);
			name = Clients;
			sourceTree = "<group>";
		};
/* End PBXGroup section */

/* Begin PBXNativeTarget section */
		5AF66C581C54004A00659CE9 /* Newscaster */ = {
			isa = PBXNativeTarget;
			buildConfigurationList = 5AF66C841C54004A00659CE9 /* Build configuration list for PBXNativeTarget "Newscaster" */;
			buildPhases = (
				5AF66C551C54004A00659CE9 /* Sources */,
				5AF66C561C54004A00659CE9 /* Frameworks */,
				5AF66C571C54004A00659CE9 /* Resources */,
			);
			buildRules = (
			);
			dependencies = (
			);
			name = Newscaster;
			productName = Newscaster;
			productReference = 5AF66C591C54004A00659CE9 /* Newscaster.app */;
			productType = "com.apple.product-type.application";
		};
		5AF66C6F1C54004A00659CE9 /* NewscasterTests */ = {
			isa = PBXNativeTarget;
			buildConfigurationList = 5AF66C871C54004A00659CE9 /* Build configuration list for PBXNativeTarget "NewscasterTests" */;
			buildPhases = (
				5AF66C6C1C54004A00659CE9 /* Sources */,
				5AF66C6D1C54004A00659CE9 /* Frameworks */,
				5AF66C6E1C54004A00659CE9 /* Resources */,
			);
			buildRules = (
			);
			dependencies = (
				5AF66C721C54004A00659CE9 /* PBXTargetDependency */,
			);
			name = NewscasterTests;
			productName = NewscasterTests;
			productReference = 5AF66C701C54004A00659CE9 /* NewscasterTests.xctest */;
			productType = "com.apple.product-type.bundle.unit-test";
		};
		5AF66C7A1C54004A00659CE9 /* NewscasterUITests */ = {
			isa = PBXNativeTarget;
			buildConfigurationList = 5AF66C8A1C54004A00659CE9 /* Build configuration list for PBXNativeTarget "NewscasterUITests" */;
			buildPhases = (
				5AF66C771C54004A00659CE9 /* Sources */,
				5AF66C781C54004A00659CE9 /* Frameworks */,
				5AF66C791C54004A00659CE9 /* Resources */,
			);
			buildRules = (
			);
			dependencies = (
				5AF66C7D1C54004A00659CE9 /* PBXTargetDependency */,
			);
			name = NewscasterUITests;
			productName = NewscasterUITests;
			productReference = 5AF66C7B1C54004A00659CE9 /* NewscasterUITests.xctest */;
			productType = "com.apple.product-type.bundle.ui-testing";
		};
/* End PBXNativeTarget section */

/* Begin PBXProject section */
		5AF66C511C54004900659CE9 /* Project object */ = {
			isa = PBXProject;
			attributes = {
				LastSwiftUpdateCheck = 0720;
				LastUpgradeCheck = 0720;
				ORGANIZATIONNAME = "Owen LaRosa";
				TargetAttributes = {
					5AF66C581C54004A00659CE9 = {
						CreatedOnToolsVersion = 7.2;
						DevelopmentTeam = GVEP366428;
					};
					5AF66C6F1C54004A00659CE9 = {
						CreatedOnToolsVersion = 7.2;
						DevelopmentTeam = GVEP366428;
						TestTargetID = 5AF66C581C54004A00659CE9;
					};
					5AF66C7A1C54004A00659CE9 = {
						CreatedOnToolsVersion = 7.2;
						DevelopmentTeam = GVEP366428;
						TestTargetID = 5AF66C581C54004A00659CE9;
					};
				};
			};
			buildConfigurationList = 5AF66C541C54004900659CE9 /* Build configuration list for PBXProject "Newscaster" */;
			compatibilityVersion = "Xcode 3.2";
			developmentRegion = English;
			hasScannedForEncodings = 0;
			knownRegions = (
				en,
				Base,
			);
			mainGroup = 5AF66C501C54004900659CE9;
			productRefGroup = 5AF66C5A1C54004A00659CE9 /* Products */;
			projectDirPath = "";
			projectRoot = "";
			targets = (
				5AF66C581C54004A00659CE9 /* Newscaster */,
				5AF66C6F1C54004A00659CE9 /* NewscasterTests */,
				5AF66C7A1C54004A00659CE9 /* NewscasterUITests */,
			);
		};
/* End PBXProject section */

/* Begin PBXResourcesBuildPhase section */
		5AF66C571C54004A00659CE9 /* Resources */ = {
			isa = PBXResourcesBuildPhase;
			buildActionMask = 2147483647;
			files = (
				5AF66C6A1C54004A00659CE9 /* LaunchScreen.storyboard in Resources */,
				5AF66C671C54004A00659CE9 /* Assets.xcassets in Resources */,
				5AF66C621C54004A00659CE9 /* Main.storyboard in Resources */,
			);
			runOnlyForDeploymentPostprocessing = 0;
		};
		5AF66C6E1C54004A00659CE9 /* Resources */ = {
			isa = PBXResourcesBuildPhase;
			buildActionMask = 2147483647;
			files = (
			);
			runOnlyForDeploymentPostprocessing = 0;
		};
		5AF66C791C54004A00659CE9 /* Resources */ = {
			isa = PBXResourcesBuildPhase;
			buildActionMask = 2147483647;
			files = (
			);
			runOnlyForDeploymentPostprocessing = 0;
		};
/* End PBXResourcesBuildPhase section */

/* Begin PBXSourcesBuildPhase section */
		5AF66C551C54004A00659CE9 /* Sources */ = {
			isa = PBXSourcesBuildPhase;
			buildActionMask = 2147483647;
			files = (
				5A7B35ED1C5ABEC600E7E601 /* Article.swift in Sources */,
				5A9F95CC1C5E7D9100344129 /* AddSourceViewController.swift in Sources */,
				5AF66C651C54004A00659CE9 /* Newscaster.xcdatamodeld in Sources */,
				5A7B35EB1C5ABC2500E7E601 /* Feed.swift in Sources */,
				5A7FF7421C5972CA00D7E2A2 /* NewsItem.swift in Sources */,
				5AF66C921C5402C500659CE9 /* RSSClient.swift in Sources */,
				5A9F95C81C5E7D4F00344129 /* ArticlesViewController.swift in Sources */,
				5AF66C5F1C54004A00659CE9 /* FeedsViewController.swift in Sources */,
				5AF66C5D1C54004A00659CE9 /* AppDelegate.swift in Sources */,
				5A9F95CA1C5E7D7C00344129 /* LinkViewController.swift in Sources */,
			);
			runOnlyForDeploymentPostprocessing = 0;
		};
		5AF66C6C1C54004A00659CE9 /* Sources */ = {
			isa = PBXSourcesBuildPhase;
			buildActionMask = 2147483647;
			files = (
				5AF66C751C54004A00659CE9 /* NewscasterTests.swift in Sources */,
			);
			runOnlyForDeploymentPostprocessing = 0;
		};
		5AF66C771C54004A00659CE9 /* Sources */ = {
			isa = PBXSourcesBuildPhase;
			buildActionMask = 2147483647;
			files = (
				5AF66C801C54004A00659CE9 /* NewscasterUITests.swift in Sources */,
			);
			runOnlyForDeploymentPostprocessing = 0;
		};
/* End PBXSourcesBuildPhase section */

/* Begin PBXTargetDependency section */
		5AF66C721C54004A00659CE9 /* PBXTargetDependency */ = {
			isa = PBXTargetDependency;
			target = 5AF66C581C54004A00659CE9 /* Newscaster */;
			targetProxy = 5AF66C711C54004A00659CE9 /* PBXContainerItemProxy */;
		};
		5AF66C7D1C54004A00659CE9 /* PBXTargetDependency */ = {
			isa = PBXTargetDependency;
			target = 5AF66C581C54004A00659CE9 /* Newscaster */;
			targetProxy = 5AF66C7C1C54004A00659CE9 /* PBXContainerItemProxy */;
		};
/* End PBXTargetDependency section */

/* Begin PBXVariantGroup section */
		5AF66C601C54004A00659CE9 /* Main.storyboard */ = {
			isa = PBXVariantGroup;
			children = (
				5AF66C611C54004A00659CE9 /* Base */,
			);
			name = Main.storyboard;
			sourceTree = "<group>";
		};
		5AF66C681C54004A00659CE9 /* LaunchScreen.storyboard */ = {
			isa = PBXVariantGroup;
			children = (
				5AF66C691C54004A00659CE9 /* Base */,
			);
			name = LaunchScreen.storyboard;
			sourceTree = "<group>";
		};
/* End PBXVariantGroup section */

/* Begin XCBuildConfiguration section */
		5AF66C821C54004A00659CE9 /* Debug */ = {
			isa = XCBuildConfiguration;
			buildSettings = {
				ALWAYS_SEARCH_USER_PATHS = NO;
				CLANG_CXX_LANGUAGE_STANDARD = "gnu++0x";
				CLANG_CXX_LIBRARY = "libc++";
				CLANG_ENABLE_MODULES = YES;
				CLANG_ENABLE_OBJC_ARC = YES;
				CLANG_WARN_BOOL_CONVERSION = YES;
				CLANG_WARN_CONSTANT_CONVERSION = YES;
				CLANG_WARN_DIRECT_OBJC_ISA_USAGE = YES_ERROR;
				CLANG_WARN_EMPTY_BODY = YES;
				CLANG_WARN_ENUM_CONVERSION = YES;
				CLANG_WARN_INT_CONVERSION = YES;
				CLANG_WARN_OBJC_ROOT_CLASS = YES_ERROR;
				CLANG_WARN_UNREACHABLE_CODE = YES;
				CLANG_WARN__DUPLICATE_METHOD_MATCH = YES;
				"CODE_SIGN_IDENTITY[sdk=iphoneos*]" = "iPhone Developer";
				COPY_PHASE_STRIP = NO;
				DEBUG_INFORMATION_FORMAT = dwarf;
				ENABLE_STRICT_OBJC_MSGSEND = YES;
				ENABLE_TESTABILITY = YES;
				GCC_C_LANGUAGE_STANDARD = gnu99;
				GCC_DYNAMIC_NO_PIC = NO;
				GCC_NO_COMMON_BLOCKS = YES;
				GCC_OPTIMIZATION_LEVEL = 0;
				GCC_PREPROCESSOR_DEFINITIONS = (
					"DEBUG=1",
					"$(inherited)",
				);
				GCC_WARN_64_TO_32_BIT_CONVERSION = YES;
				GCC_WARN_ABOUT_RETURN_TYPE = YES_ERROR;
				GCC_WARN_UNDECLARED_SELECTOR = YES;
				GCC_WARN_UNINITIALIZED_AUTOS = YES_AGGRESSIVE;
				GCC_WARN_UNUSED_FUNCTION = YES;
				GCC_WARN_UNUSED_VARIABLE = YES;
				IPHONEOS_DEPLOYMENT_TARGET = 9.2;
				MTL_ENABLE_DEBUG_INFO = YES;
				ONLY_ACTIVE_ARCH = YES;
				SDKROOT = iphoneos;
				SWIFT_OPTIMIZATION_LEVEL = "-Onone";
			};
			name = Debug;
		};
		5AF66C831C54004A00659CE9 /* Release */ = {
			isa = XCBuildConfiguration;
			buildSettings = {
				ALWAYS_SEARCH_USER_PATHS = NO;
				CLANG_CXX_LANGUAGE_STANDARD = "gnu++0x";
				CLANG_CXX_LIBRARY = "libc++";
				CLANG_ENABLE_MODULES = YES;
				CLANG_ENABLE_OBJC_ARC = YES;
				CLANG_WARN_BOOL_CONVERSION = YES;
				CLANG_WARN_CONSTANT_CONVERSION = YES;
				CLANG_WARN_DIRECT_OBJC_ISA_USAGE = YES_ERROR;
				CLANG_WARN_EMPTY_BODY = YES;
				CLANG_WARN_ENUM_CONVERSION = YES;
				CLANG_WARN_INT_CONVERSION = YES;
				CLANG_WARN_OBJC_ROOT_CLASS = YES_ERROR;
				CLANG_WARN_UNREACHABLE_CODE = YES;
				CLANG_WARN__DUPLICATE_METHOD_MATCH = YES;
				"CODE_SIGN_IDENTITY[sdk=iphoneos*]" = "iPhone Developer";
				COPY_PHASE_STRIP = NO;
				DEBUG_INFORMATION_FORMAT = "dwarf-with-dsym";
				ENABLE_NS_ASSERTIONS = NO;
				ENABLE_STRICT_OBJC_MSGSEND = YES;
				GCC_C_LANGUAGE_STANDARD = gnu99;
				GCC_NO_COMMON_BLOCKS = YES;
				GCC_WARN_64_TO_32_BIT_CONVERSION = YES;
				GCC_WARN_ABOUT_RETURN_TYPE = YES_ERROR;
				GCC_WARN_UNDECLARED_SELECTOR = YES;
				GCC_WARN_UNINITIALIZED_AUTOS = YES_AGGRESSIVE;
				GCC_WARN_UNUSED_FUNCTION = YES;
				GCC_WARN_UNUSED_VARIABLE = YES;
				IPHONEOS_DEPLOYMENT_TARGET = 9.2;
				MTL_ENABLE_DEBUG_INFO = NO;
				SDKROOT = iphoneos;
				VALIDATE_PRODUCT = YES;
			};
			name = Release;
		};
		5AF66C851C54004A00659CE9 /* Debug */ = {
			isa = XCBuildConfiguration;
			buildSettings = {
				ASSETCATALOG_COMPILER_APPICON_NAME = AppIcon;
				INFOPLIST_FILE = Newscaster/Info.plist;
				IPHONEOS_DEPLOYMENT_TARGET = 8.0;
				LD_RUNPATH_SEARCH_PATHS = "$(inherited) @executable_path/Frameworks";
				PRODUCT_BUNDLE_IDENTIFIER = com.owenlarosa.Newscaster;
				PRODUCT_NAME = "$(TARGET_NAME)";
			};
			name = Debug;
		};
		5AF66C861C54004A00659CE9 /* Release */ = {
			isa = XCBuildConfiguration;
			buildSettings = {
				ASSETCATALOG_COMPILER_APPICON_NAME = AppIcon;
				INFOPLIST_FILE = Newscaster/Info.plist;
				IPHONEOS_DEPLOYMENT_TARGET = 8.0;
				LD_RUNPATH_SEARCH_PATHS = "$(inherited) @executable_path/Frameworks";
				PRODUCT_BUNDLE_IDENTIFIER = com.owenlarosa.Newscaster;
				PRODUCT_NAME = "$(TARGET_NAME)";
			};
			name = Release;
		};
		5AF66C881C54004A00659CE9 /* Debug */ = {
			isa = XCBuildConfiguration;
			buildSettings = {
				BUNDLE_LOADER = "$(TEST_HOST)";
				INFOPLIST_FILE = NewscasterTests/Info.plist;
				LD_RUNPATH_SEARCH_PATHS = "$(inherited) @executable_path/Frameworks @loader_path/Frameworks";
				PRODUCT_BUNDLE_IDENTIFIER = com.owenlarosa.NewscasterTests;
				PRODUCT_NAME = "$(TARGET_NAME)";
				TEST_HOST = "$(BUILT_PRODUCTS_DIR)/Newscaster.app/Newscaster";
			};
			name = Debug;
		};
		5AF66C891C54004A00659CE9 /* Release */ = {
			isa = XCBuildConfiguration;
			buildSettings = {
				BUNDLE_LOADER = "$(TEST_HOST)";
				INFOPLIST_FILE = NewscasterTests/Info.plist;
				LD_RUNPATH_SEARCH_PATHS = "$(inherited) @executable_path/Frameworks @loader_path/Frameworks";
				PRODUCT_BUNDLE_IDENTIFIER = com.owenlarosa.NewscasterTests;
				PRODUCT_NAME = "$(TARGET_NAME)";
				TEST_HOST = "$(BUILT_PRODUCTS_DIR)/Newscaster.app/Newscaster";
			};
			name = Release;
		};
		5AF66C8B1C54004A00659CE9 /* Debug */ = {
			isa = XCBuildConfiguration;
			buildSettings = {
				INFOPLIST_FILE = NewscasterUITests/Info.plist;
				LD_RUNPATH_SEARCH_PATHS = "$(inherited) @executable_path/Frameworks @loader_path/Frameworks";
				PRODUCT_BUNDLE_IDENTIFIER = com.owenlarosa.NewscasterUITests;
				PRODUCT_NAME = "$(TARGET_NAME)";
				TEST_TARGET_NAME = Newscaster;
				USES_XCTRUNNER = YES;
			};
			name = Debug;
		};
		5AF66C8C1C54004A00659CE9 /* Release */ = {
			isa = XCBuildConfiguration;
			buildSettings = {
				INFOPLIST_FILE = NewscasterUITests/Info.plist;
				LD_RUNPATH_SEARCH_PATHS = "$(inherited) @executable_path/Frameworks @loader_path/Frameworks";
				PRODUCT_BUNDLE_IDENTIFIER = com.owenlarosa.NewscasterUITests;
				PRODUCT_NAME = "$(TARGET_NAME)";
				TEST_TARGET_NAME = Newscaster;
				USES_XCTRUNNER = YES;
			};
			name = Release;
		};
/* End XCBuildConfiguration section */

/* Begin XCConfigurationList section */
		5AF66C541C54004900659CE9 /* Build configuration list for PBXProject "Newscaster" */ = {
			isa = XCConfigurationList;
			buildConfigurations = (
				5AF66C821C54004A00659CE9 /* Debug */,
				5AF66C831C54004A00659CE9 /* Release */,
			);
			defaultConfigurationIsVisible = 0;
			defaultConfigurationName = Release;
		};
		5AF66C841C54004A00659CE9 /* Build configuration list for PBXNativeTarget "Newscaster" */ = {
			isa = XCConfigurationList;
			buildConfigurations = (
				5AF66C851C54004A00659CE9 /* Debug */,
				5AF66C861C54004A00659CE9 /* Release */,
			);
			defaultConfigurationIsVisible = 0;
			defaultConfigurationName = Release;
		};
		5AF66C871C54004A00659CE9 /* Build configuration list for PBXNativeTarget "NewscasterTests" */ = {
			isa = XCConfigurationList;
			buildConfigurations = (
				5AF66C881C54004A00659CE9 /* Debug */,
				5AF66C891C54004A00659CE9 /* Release */,
			);
			defaultConfigurationIsVisible = 0;
			defaultConfigurationName = Release;
		};
		5AF66C8A1C54004A00659CE9 /* Build configuration list for PBXNativeTarget "NewscasterUITests" */ = {
			isa = XCConfigurationList;
			buildConfigurations = (
				5AF66C8B1C54004A00659CE9 /* Debug */,
				5AF66C8C1C54004A00659CE9 /* Release */,
			);
			defaultConfigurationIsVisible = 0;
			defaultConfigurationName = Release;
		};
/* End XCConfigurationList section */

/* Begin XCVersionGroup section */
		5AF66C631C54004A00659CE9 /* Newscaster.xcdatamodeld */ = {
			isa = XCVersionGroup;
			children = (
				5AF66C641C54004A00659CE9 /* Newscaster.xcdatamodel */,
			);
			currentVersion = 5AF66C641C54004A00659CE9 /* Newscaster.xcdatamodel */;
			path = Newscaster.xcdatamodeld;
			sourceTree = "<group>";
			versionGroupType = wrapper.xcdatamodel;
		};
/* End XCVersionGroup section */
	};
	rootObject = 5AF66C511C54004900659CE9 /* Project object */;
}
